// !$*UTF8*$!
{
	archiveVersion = 1;
	classes = {
	};
	objectVersion = 46;
	objects = {

/* Begin PBXBuildFile section */
		F4171E241E35A9A800D2D66E /* SMAVPlayerViewController.m in Sources */ = {isa = PBXBuildFile; fileRef = F4171E231E35A9A800D2D66E /* SMAVPlayerViewController.m */; };
		F465E6BB1E1B5349003679B9 /* SMDanmakuView.m in Sources */ = {isa = PBXBuildFile; fileRef = F465E6BA1E1B5349003679B9 /* SMDanmakuView.m */; };
		F465E6CC1E1CA3EB003679B9 /* SMDanmaku.bundle in Resources */ = {isa = PBXBuildFile; fileRef = F465E6CB1E1CA3EB003679B9 /* SMDanmaku.bundle */; };
		F47DB7261E2783F9003D34C7 /* SMCompressViewController.m in Sources */ = {isa = PBXBuildFile; fileRef = F47DB7251E2783F9003D34C7 /* SMCompressViewController.m */; };
		F4F243311E12549C007FEE0D /* AppDelegate.m in Sources */ = {isa = PBXBuildFile; fileRef = F4F2431C1E12549C007FEE0D /* AppDelegate.m */; };
		F4F243321E12549C007FEE0D /* Assets.xcassets in Resources */ = {isa = PBXBuildFile; fileRef = F4F2431D1E12549C007FEE0D /* Assets.xcassets */; };
		F4F243331E12549C007FEE0D /* LaunchScreen.storyboard in Resources */ = {isa = PBXBuildFile; fileRef = F4F2431E1E12549C007FEE0D /* LaunchScreen.storyboard */; };
		F4F243341E12549C007FEE0D /* Main.storyboard in Resources */ = {isa = PBXBuildFile; fileRef = F4F243201E12549C007FEE0D /* Main.storyboard */; };
		F4F243351E12549C007FEE0D /* Info.plist in Resources */ = {isa = PBXBuildFile; fileRef = F4F243221E12549C007FEE0D /* Info.plist */; };
		F4F243361E12549C007FEE0D /* main.m in Sources */ = {isa = PBXBuildFile; fileRef = F4F243231E12549C007FEE0D /* main.m */; };
		F4F243371E12549C007FEE0D /* ViewController.m in Sources */ = {isa = PBXBuildFile; fileRef = F4F243251E12549C007FEE0D /* ViewController.m */; };
		F4F243381E12549C007FEE0D /* SMDanmakuViewController.m in Sources */ = {isa = PBXBuildFile; fileRef = F4F243281E12549C007FEE0D /* SMDanmakuViewController.m */; };
		F4F243391E12549C007FEE0D /* emitter.bundle in Resources */ = {isa = PBXBuildFile; fileRef = F4F2432A1E12549C007FEE0D /* emitter.bundle */; };
		F4F2433A1E12549C007FEE0D /* SMEmitterButton.m in Sources */ = {isa = PBXBuildFile; fileRef = F4F2432C1E12549C007FEE0D /* SMEmitterButton.m */; };
		F4F2433B1E12549C007FEE0D /* SMEmitterView.m in Sources */ = {isa = PBXBuildFile; fileRef = F4F2432E1E12549C007FEE0D /* SMEmitterView.m */; };
		F4F2433C1E12549C007FEE0D /* SMEmitterViewController.m in Sources */ = {isa = PBXBuildFile; fileRef = F4F243301E12549C007FEE0D /* SMEmitterViewController.m */; };
/* End PBXBuildFile section */

/* Begin PBXFileReference section */
		F4171E221E35A9A800D2D66E /* SMAVPlayerViewController.h */ = {isa = PBXFileReference; fileEncoding = 4; lastKnownFileType = sourcecode.c.h; path = SMAVPlayerViewController.h; sourceTree = "<group>"; };
		F4171E231E35A9A800D2D66E /* SMAVPlayerViewController.m */ = {isa = PBXFileReference; fileEncoding = 4; lastKnownFileType = sourcecode.c.objc; path = SMAVPlayerViewController.m; sourceTree = "<group>"; };
		F45F77851E092AD4008AD07E /* SMAninationGroup.app */ = {isa = PBXFileReference; explicitFileType = wrapper.application; includeInIndex = 0; path = SMAninationGroup.app; sourceTree = BUILT_PRODUCTS_DIR; };
		F465E6B91E1B5349003679B9 /* SMDanmakuView.h */ = {isa = PBXFileReference; fileEncoding = 4; lastKnownFileType = sourcecode.c.h; path = SMDanmakuView.h; sourceTree = "<group>"; };
		F465E6BA1E1B5349003679B9 /* SMDanmakuView.m */ = {isa = PBXFileReference; fileEncoding = 4; lastKnownFileType = sourcecode.c.objc; path = SMDanmakuView.m; sourceTree = "<group>"; };
		F465E6CB1E1CA3EB003679B9 /* SMDanmaku.bundle */ = {isa = PBXFileReference; lastKnownFileType = "wrapper.plug-in"; path = SMDanmaku.bundle; sourceTree = "<group>"; };
		F47DB7241E2783F9003D34C7 /* SMCompressViewController.h */ = {isa = PBXFileReference; fileEncoding = 4; lastKnownFileType = sourcecode.c.h; path = SMCompressViewController.h; sourceTree = "<group>"; };
		F47DB7251E2783F9003D34C7 /* SMCompressViewController.m */ = {isa = PBXFileReference; fileEncoding = 4; lastKnownFileType = sourcecode.c.objc; path = SMCompressViewController.m; sourceTree = "<group>"; };
		F4F2431B1E12549C007FEE0D /* AppDelegate.h */ = {isa = PBXFileReference; fileEncoding = 4; lastKnownFileType = sourcecode.c.h; path = AppDelegate.h; sourceTree = "<group>"; };
		F4F2431C1E12549C007FEE0D /* AppDelegate.m */ = {isa = PBXFileReference; fileEncoding = 4; lastKnownFileType = sourcecode.c.objc; path = AppDelegate.m; sourceTree = "<group>"; };
		F4F2431D1E12549C007FEE0D /* Assets.xcassets */ = {isa = PBXFileReference; lastKnownFileType = folder.assetcatalog; path = Assets.xcassets; sourceTree = "<group>"; };
		F4F2431F1E12549C007FEE0D /* Base */ = {isa = PBXFileReference; lastKnownFileType = file.storyboard; name = Base; path = Base.lproj/LaunchScreen.storyboard; sourceTree = "<group>"; };
		F4F243211E12549C007FEE0D /* Base */ = {isa = PBXFileReference; lastKnownFileType = file.storyboard; name = Base; path = Base.lproj/Main.storyboard; sourceTree = "<group>"; };
		F4F243221E12549C007FEE0D /* Info.plist */ = {isa = PBXFileReference; fileEncoding = 4; lastKnownFileType = text.plist.xml; path = Info.plist; sourceTree = "<group>"; };
		F4F243231E12549C007FEE0D /* main.m */ = {isa = PBXFileReference; fileEncoding = 4; lastKnownFileType = sourcecode.c.objc; path = main.m; sourceTree = "<group>"; };
		F4F243241E12549C007FEE0D /* ViewController.h */ = {isa = PBXFileReference; fileEncoding = 4; lastKnownFileType = sourcecode.c.h; path = ViewController.h; sourceTree = "<group>"; };
		F4F243251E12549C007FEE0D /* ViewController.m */ = {isa = PBXFileReference; fileEncoding = 4; lastKnownFileType = sourcecode.c.objc; path = ViewController.m; sourceTree = "<group>"; };
		F4F243271E12549C007FEE0D /* SMDanmakuViewController.h */ = {isa = PBXFileReference; fileEncoding = 4; lastKnownFileType = sourcecode.c.h; path = SMDanmakuViewController.h; sourceTree = "<group>"; };
		F4F243281E12549C007FEE0D /* SMDanmakuViewController.m */ = {isa = PBXFileReference; fileEncoding = 4; lastKnownFileType = sourcecode.c.objc; path = SMDanmakuViewController.m; sourceTree = "<group>"; };
		F4F2432A1E12549C007FEE0D /* emitter.bundle */ = {isa = PBXFileReference; lastKnownFileType = "wrapper.plug-in"; path = emitter.bundle; sourceTree = "<group>"; };
		F4F2432B1E12549C007FEE0D /* SMEmitterButton.h */ = {isa = PBXFileReference; fileEncoding = 4; lastKnownFileType = sourcecode.c.h; path = SMEmitterButton.h; sourceTree = "<group>"; };
		F4F2432C1E12549C007FEE0D /* SMEmitterButton.m */ = {isa = PBXFileReference; fileEncoding = 4; lastKnownFileType = sourcecode.c.objc; path = SMEmitterButton.m; sourceTree = "<group>"; };
		F4F2432D1E12549C007FEE0D /* SMEmitterView.h */ = {isa = PBXFileReference; fileEncoding = 4; lastKnownFileType = sourcecode.c.h; path = SMEmitterView.h; sourceTree = "<group>"; };
		F4F2432E1E12549C007FEE0D /* SMEmitterView.m */ = {isa = PBXFileReference; fileEncoding = 4; lastKnownFileType = sourcecode.c.objc; path = SMEmitterView.m; sourceTree = "<group>"; };
		F4F2432F1E12549C007FEE0D /* SMEmitterViewController.h */ = {isa = PBXFileReference; fileEncoding = 4; lastKnownFileType = sourcecode.c.h; path = SMEmitterViewController.h; sourceTree = "<group>"; };
		F4F243301E12549C007FEE0D /* SMEmitterViewController.m */ = {isa = PBXFileReference; fileEncoding = 4; lastKnownFileType = sourcecode.c.objc; path = SMEmitterViewController.m; sourceTree = "<group>"; };
/* End PBXFileReference section */

/* Begin PBXFrameworksBuildPhase section */
		F45F77821E092AD4008AD07E /* Frameworks */ = {
			isa = PBXFrameworksBuildPhase;
			buildActionMask = 2147483647;
			files = (
			);
			runOnlyForDeploymentPostprocessing = 0;
		};
/* End PBXFrameworksBuildPhase section */

/* Begin PBXGroup section */
		F44E466E1E34803000CBAAC6 /* SMVideoPlayer */ = {
			isa = PBXGroup;
			children = (
				F4171E221E35A9A800D2D66E /* SMAVPlayerViewController.h */,
				F4171E231E35A9A800D2D66E /* SMAVPlayerViewController.m */,
			);
			path = SMVideoPlayer;
			sourceTree = "<group>";
		};
		F45F777C1E092AD4008AD07E = {
			isa = PBXGroup;
			children = (
				F4F243191E12549C007FEE0D /* SMAninationGroup */,
				F45F77861E092AD4008AD07E /* Products */,
			);
			sourceTree = "<group>";
		};
		F45F77861E092AD4008AD07E /* Products */ = {
			isa = PBXGroup;
			children = (
				F45F77851E092AD4008AD07E /* SMAninationGroup.app */,
			);
			name = Products;
			sourceTree = "<group>";
		};
		F47DB7231E2783CB003D34C7 /* SMCompressVideoToMP4 */ = {
			isa = PBXGroup;
			children = (
				F47DB7241E2783F9003D34C7 /* SMCompressViewController.h */,
				F47DB7251E2783F9003D34C7 /* SMCompressViewController.m */,
			);
			path = SMCompressVideoToMP4;
			sourceTree = "<group>";
		};
		F4F243191E12549C007FEE0D /* SMAninationGroup */ = {
			isa = PBXGroup;
			children = (
				F4F2431A1E12549C007FEE0D /* Main */,
				F44E466E1E34803000CBAAC6 /* SMVideoPlayer */,
				F47DB7231E2783CB003D34C7 /* SMCompressVideoToMP4 */,
				F4F243261E12549C007FEE0D /* SMDanmaku */,
				F4F243291E12549C007FEE0D /* SMEmitter */,
			);
			path = SMAninationGroup;
			sourceTree = "<group>";
		};
		F4F2431A1E12549C007FEE0D /* Main */ = {
			isa = PBXGroup;
			children = (
				F4F2431B1E12549C007FEE0D /* AppDelegate.h */,
				F4F2431C1E12549C007FEE0D /* AppDelegate.m */,
				F4F243241E12549C007FEE0D /* ViewController.h */,
				F4F243251E12549C007FEE0D /* ViewController.m */,
				F4F243231E12549C007FEE0D /* main.m */,
				F4F243221E12549C007FEE0D /* Info.plist */,
				F4F243201E12549C007FEE0D /* Main.storyboard */,
				F4F2431E1E12549C007FEE0D /* LaunchScreen.storyboard */,
				F4F2431D1E12549C007FEE0D /* Assets.xcassets */,
			);
			path = Main;
			sourceTree = "<group>";
		};
		F4F243261E12549C007FEE0D /* SMDanmaku */ = {
			isa = PBXGroup;
			children = (
				F4F243271E12549C007FEE0D /* SMDanmakuViewController.h */,
				F4F243281E12549C007FEE0D /* SMDanmakuViewController.m */,
				F465E6B91E1B5349003679B9 /* SMDanmakuView.h */,
				F465E6BA1E1B5349003679B9 /* SMDanmakuView.m */,
				F465E6CB1E1CA3EB003679B9 /* SMDanmaku.bundle */,
			);
			path = SMDanmaku;
			sourceTree = "<group>";
		};
		F4F243291E12549C007FEE0D /* SMEmitter */ = {
			isa = PBXGroup;
			children = (
				F4F2432F1E12549C007FEE0D /* SMEmitterViewController.h */,
				F4F243301E12549C007FEE0D /* SMEmitterViewController.m */,
				F4F2432D1E12549C007FEE0D /* SMEmitterView.h */,
				F4F2432E1E12549C007FEE0D /* SMEmitterView.m */,
				F4F2432B1E12549C007FEE0D /* SMEmitterButton.h */,
				F4F2432C1E12549C007FEE0D /* SMEmitterButton.m */,
				F4F2432A1E12549C007FEE0D /* emitter.bundle */,
			);
			path = SMEmitter;
			sourceTree = "<group>";
		};
/* End PBXGroup section */

/* Begin PBXNativeTarget section */
		F45F77841E092AD4008AD07E /* SMAninationGroup */ = {
			isa = PBXNativeTarget;
			buildConfigurationList = F45F779C1E092AD4008AD07E /* Build configuration list for PBXNativeTarget "SMAninationGroup" */;
			buildPhases = (
				F45F77811E092AD4008AD07E /* Sources */,
				F45F77821E092AD4008AD07E /* Frameworks */,
				F45F77831E092AD4008AD07E /* Resources */,
			);
			buildRules = (
			);
			dependencies = (
			);
			name = SMAninationGroup;
			productName = SMAninationGroup;
			productReference = F45F77851E092AD4008AD07E /* SMAninationGroup.app */;
			productType = "com.apple.product-type.application";
		};
/* End PBXNativeTarget section */

/* Begin PBXProject section */
		F45F777D1E092AD4008AD07E /* Project object */ = {
			isa = PBXProject;
			attributes = {
				LastUpgradeCheck = 0810;
				ORGANIZATIONNAME = simon;
				TargetAttributes = {
					F45F77841E092AD4008AD07E = {
						CreatedOnToolsVersion = 8.1;
						DevelopmentTeam = 38QS4M9J37;
						ProvisioningStyle = Automatic;
					};
				};
			};
			buildConfigurationList = F45F77801E092AD4008AD07E /* Build configuration list for PBXProject "SMAninationGroup" */;
			compatibilityVersion = "Xcode 3.2";
			developmentRegion = English;
			hasScannedForEncodings = 0;
			knownRegions = (
				en,
				Base,
			);
			mainGroup = F45F777C1E092AD4008AD07E;
			productRefGroup = F45F77861E092AD4008AD07E /* Products */;
			projectDirPath = "";
			projectRoot = "";
			targets = (
				F45F77841E092AD4008AD07E /* SMAninationGroup */,
			);
		};
/* End PBXProject section */

/* Begin PBXResourcesBuildPhase section */
		F45F77831E092AD4008AD07E /* Resources */ = {
			isa = PBXResourcesBuildPhase;
			buildActionMask = 2147483647;
			files = (
				F4F243351E12549C007FEE0D /* Info.plist in Resources */,
				F465E6CC1E1CA3EB003679B9 /* SMDanmaku.bundle in Resources */,
				F4F243341E12549C007FEE0D /* Main.storyboard in Resources */,
				F4F243321E12549C007FEE0D /* Assets.xcassets in Resources */,
				F4F243331E12549C007FEE0D /* LaunchScreen.storyboard in Resources */,
				F4F243391E12549C007FEE0D /* emitter.bundle in Resources */,
			);
			runOnlyForDeploymentPostprocessing = 0;
		};
/* End PBXResourcesBuildPhase section */

/* Begin PBXSourcesBuildPhase section */
		F45F77811E092AD4008AD07E /* Sources */ = {
			isa = PBXSourcesBuildPhase;
			buildActionMask = 2147483647;
			files = (
				F47DB7261E2783F9003D34C7 /* SMCompressViewController.m in Sources */,
				F4F243381E12549C007FEE0D /* SMDanmakuViewController.m in Sources */,
				F4F2433C1E12549C007FEE0D /* SMEmitterViewController.m in Sources */,
				F4F2433A1E12549C007FEE0D /* SMEmitterButton.m in Sources */,
				F4F243371E12549C007FEE0D /* ViewController.m in Sources */,
				F4F243361E12549C007FEE0D /* main.m in Sources */,
				F4171E241E35A9A800D2D66E /* SMAVPlayerViewController.m in Sources */,
				F4F243311E12549C007FEE0D /* AppDelegate.m in Sources */,
				F465E6BB1E1B5349003679B9 /* SMDanmakuView.m in Sources */,
				F4F2433B1E12549C007FEE0D /* SMEmitterView.m in Sources */,
			);
			runOnlyForDeploymentPostprocessing = 0;
		};
/* End PBXSourcesBuildPhase section */

/* Begin PBXVariantGroup section */
		F4F2431E1E12549C007FEE0D /* LaunchScreen.storyboard */ = {
			isa = PBXVariantGroup;
			children = (
				F4F2431F1E12549C007FEE0D /* Base */,
			);
			name = LaunchScreen.storyboard;
			sourceTree = "<group>";
		};
		F4F243201E12549C007FEE0D /* Main.storyboard */ = {
			isa = PBXVariantGroup;
			children = (
				F4F243211E12549C007FEE0D /* Base */,
			);
			name = Main.storyboard;
			sourceTree = "<group>";
		};
/* End PBXVariantGroup section */

/* Begin XCBuildConfiguration section */
		F45F779A1E092AD4008AD07E /* Debug */ = {
			isa = XCBuildConfiguration;
			buildSettings = {
				ALWAYS_SEARCH_USER_PATHS = NO;
				CLANG_ANALYZER_NONNULL = YES;
				CLANG_CXX_LANGUAGE_STANDARD = "gnu++0x";
				CLANG_CXX_LIBRARY = "libc++";
				CLANG_ENABLE_MODULES = YES;
				CLANG_ENABLE_OBJC_ARC = YES;
				CLANG_WARN_BOOL_CONVERSION = YES;
				CLANG_WARN_CONSTANT_CONVERSION = YES;
				CLANG_WARN_DIRECT_OBJC_ISA_USAGE = YES_ERROR;
				CLANG_WARN_DOCUMENTATION_COMMENTS = YES;
				CLANG_WARN_EMPTY_BODY = YES;
				CLANG_WARN_ENUM_CONVERSION = YES;
				CLANG_WARN_INFINITE_RECURSION = YES;
				CLANG_WARN_INT_CONVERSION = YES;
				CLANG_WARN_OBJC_ROOT_CLASS = YES_ERROR;
				CLANG_WARN_SUSPICIOUS_MOVES = YES;
				CLANG_WARN_UNREACHABLE_CODE = YES;
				CLANG_WARN__DUPLICATE_METHOD_MATCH = YES;
				"CODE_SIGN_IDENTITY[sdk=iphoneos*]" = "iPhone Developer";
				COPY_PHASE_STRIP = NO;
				DEBUG_INFORMATION_FORMAT = dwarf;
				ENABLE_STRICT_OBJC_MSGSEND = YES;
				ENABLE_TESTABILITY = YES;
				GCC_C_LANGUAGE_STANDARD = gnu99;
				GCC_DYNAMIC_NO_PIC = NO;
				GCC_NO_COMMON_BLOCKS = YES;
				GCC_OPTIMIZATION_LEVEL = 0;
				GCC_PREPROCESSOR_DEFINITIONS = (
					"DEBUG=1",
					"$(inherited)",
				);
				GCC_WARN_64_TO_32_BIT_CONVERSION = YES;
				GCC_WARN_ABOUT_RETURN_TYPE = YES_ERROR;
				GCC_WARN_UNDECLARED_SELECTOR = YES;
				GCC_WARN_UNINITIALIZED_AUTOS = YES_AGGRESSIVE;
				GCC_WARN_UNUSED_FUNCTION = YES;
				GCC_WARN_UNUSED_VARIABLE = YES;
				IPHONEOS_DEPLOYMENT_TARGET = 10.1;
				MTL_ENABLE_DEBUG_INFO = YES;
				ONLY_ACTIVE_ARCH = YES;
				SDKROOT = iphoneos;
			};
			name = Debug;
		};
		F45F779B1E092AD4008AD07E /* Release */ = {
			isa = XCBuildConfiguration;
			buildSettings = {
				ALWAYS_SEARCH_USER_PATHS = NO;
				CLANG_ANALYZER_NONNULL = YES;
				CLANG_CXX_LANGUAGE_STANDARD = "gnu++0x";
				CLANG_CXX_LIBRARY = "libc++";
				CLANG_ENABLE_MODULES = YES;
				CLANG_ENABLE_OBJC_ARC = YES;
				CLANG_WARN_BOOL_CONVERSION = YES;
				CLANG_WARN_CONSTANT_CONVERSION = YES;
				CLANG_WARN_DIRECT_OBJC_ISA_USAGE = YES_ERROR;
				CLANG_WARN_DOCUMENTATION_COMMENTS = YES;
				CLANG_WARN_EMPTY_BODY = YES;
				CLANG_WARN_ENUM_CONVERSION = YES;
				CLANG_WARN_INFINITE_RECURSION = YES;
				CLANG_WARN_INT_CONVERSION = YES;
				CLANG_WARN_OBJC_ROOT_CLASS = YES_ERROR;
				CLANG_WARN_SUSPICIOUS_MOVES = YES;
				CLANG_WARN_UNREACHABLE_CODE = YES;
				CLANG_WARN__DUPLICATE_METHOD_MATCH = YES;
				"CODE_SIGN_IDENTITY[sdk=iphoneos*]" = "iPhone Developer";
				COPY_PHASE_STRIP = NO;
				DEBUG_INFORMATION_FORMAT = "dwarf-with-dsym";
				ENABLE_NS_ASSERTIONS = NO;
				ENABLE_STRICT_OBJC_MSGSEND = YES;
				GCC_C_LANGUAGE_STANDARD = gnu99;
				GCC_NO_COMMON_BLOCKS = YES;
				GCC_WARN_64_TO_32_BIT_CONVERSION = YES;
				GCC_WARN_ABOUT_RETURN_TYPE = YES_ERROR;
				GCC_WARN_UNDECLARED_SELECTOR = YES;
				GCC_WARN_UNINITIALIZED_AUTOS = YES_AGGRESSIVE;
				GCC_WARN_UNUSED_FUNCTION = YES;
				GCC_WARN_UNUSED_VARIABLE = YES;
				IPHONEOS_DEPLOYMENT_TARGET = 10.1;
				MTL_ENABLE_DEBUG_INFO = NO;
				SDKROOT = iphoneos;
				VALIDATE_PRODUCT = YES;
			};
			name = Release;
		};
		F45F779D1E092AD4008AD07E /* Debug */ = {
			isa = XCBuildConfiguration;
			buildSettings = {
				ASSETCATALOG_COMPILER_APPICON_NAME = AppIcon;
				DEVELOPMENT_TEAM = 38QS4M9J37;
				INFOPLIST_FILE = SMAninationGroup/Main/Info.plist;
				IPHONEOS_DEPLOYMENT_TARGET = 8.0;
				LD_RUNPATH_SEARCH_PATHS = "$(inherited) @executable_path/Frameworks";
				PRODUCT_BUNDLE_IDENTIFIER = com.icoderRo.github.com.SMAninationGroup;
				PRODUCT_NAME = "$(TARGET_NAME)";
			};
			name = Debug;
		};
		F45F779E1E092AD4008AD07E /* Release */ = {
			isa = XCBuildConfiguration;
			buildSettings = {
				ASSETCATALOG_COMPILER_APPICON_NAME = AppIcon;
				DEVELOPMENT_TEAM = 38QS4M9J37;
				INFOPLIST_FILE = SMAninationGroup/Main/Info.plist;
				IPHONEOS_DEPLOYMENT_TARGET = 8.0;
				LD_RUNPATH_SEARCH_PATHS = "$(inherited) @executable_path/Frameworks";
				PRODUCT_BUNDLE_IDENTIFIER = com.icoderRo.github.com.SMAninationGroup;
				PRODUCT_NAME = "$(TARGET_NAME)";
			};
			name = Release;
		};
/* End XCBuildConfiguration section */

/* Begin XCConfigurationList section */
		F45F77801E092AD4008AD07E /* Build configuration list for PBXProject "SMAninationGroup" */ = {
			isa = XCConfigurationList;
			buildConfigurations = (
				F45F779A1E092AD4008AD07E /* Debug */,
				F45F779B1E092AD4008AD07E /* Release */,
			);
			defaultConfigurationIsVisible = 0;
			defaultConfigurationName = Release;
		};
		F45F779C1E092AD4008AD07E /* Build configuration list for PBXNativeTarget "SMAninationGroup" */ = {
			isa = XCConfigurationList;
			buildConfigurations = (
				F45F779D1E092AD4008AD07E /* Debug */,
				F45F779E1E092AD4008AD07E /* Release */,
			);
			defaultConfigurationIsVisible = 0;
			defaultConfigurationName = Release;
		};
/* End XCConfigurationList section */
	};
	rootObject = F45F777D1E092AD4008AD07E /* Project object */;
}
